// !$*UTF8*$!
{
	archiveVersion = 1;
	classes = {
	};
	objectVersion = 50;
	objects = {

/* Begin PBXBuildFile section */
		413E5F12865981EFCB31A2D4 /* Pods_Parstagram.framework in Frameworks */ = {isa = PBXBuildFile; fileRef = AABCD4BD38A411061BD7DC4C /* Pods_Parstagram.framework */; };
		9F67E095FD69B767B9D57A90 /* Pods_ParstagramTests.framework in Frameworks */ = {isa = PBXBuildFile; fileRef = 1131C7FD6D0DD98EE818EBD2 /* Pods_ParstagramTests.framework */; };
		A80CEA80DD23207D7DAE3C3A /* Pods_ParstagramUITests.framework in Frameworks */ = {isa = PBXBuildFile; fileRef = FB1DA323A50C9FCC7829F706 /* Pods_ParstagramUITests.framework */; };
		B32ED863222666BB00A7E1D5 /* PostCell.swift in Sources */ = {isa = PBXBuildFile; fileRef = B32ED862222666BB00A7E1D5 /* PostCell.swift */; };
		B3E8FBC522248BBC00D05E09 /* AppDelegate.swift in Sources */ = {isa = PBXBuildFile; fileRef = B3E8FBC422248BBC00D05E09 /* AppDelegate.swift */; };
		B3E8FBCA22248BBC00D05E09 /* Main.storyboard in Resources */ = {isa = PBXBuildFile; fileRef = B3E8FBC822248BBC00D05E09 /* Main.storyboard */; };
		B3E8FBCC22248BBD00D05E09 /* Assets.xcassets in Resources */ = {isa = PBXBuildFile; fileRef = B3E8FBCB22248BBD00D05E09 /* Assets.xcassets */; };
		B3E8FBCF22248BBD00D05E09 /* LaunchScreen.storyboard in Resources */ = {isa = PBXBuildFile; fileRef = B3E8FBCD22248BBD00D05E09 /* LaunchScreen.storyboard */; };
		B3E8FBDA22248BBD00D05E09 /* ParstagramTests.swift in Sources */ = {isa = PBXBuildFile; fileRef = B3E8FBD922248BBD00D05E09 /* ParstagramTests.swift */; };
		B3E8FBE522248BBD00D05E09 /* ParstagramUITests.swift in Sources */ = {isa = PBXBuildFile; fileRef = B3E8FBE422248BBD00D05E09 /* ParstagramUITests.swift */; };
		B3E8FBF92224984500D05E09 /* ViewController.swift in Sources */ = {isa = PBXBuildFile; fileRef = B3E8FBF82224984500D05E09 /* ViewController.swift */; };
		B3E8FBFB2224985D00D05E09 /* LoginViewController.swift in Sources */ = {isa = PBXBuildFile; fileRef = B3E8FBFA2224985D00D05E09 /* LoginViewController.swift */; };
		B3E8FBFD222498DD00D05E09 /* FeedViewController.swift in Sources */ = {isa = PBXBuildFile; fileRef = B3E8FBFC222498DD00D05E09 /* FeedViewController.swift */; };
		B3E8FBFF2224AAAB00D05E09 /* CameraViewController.swift in Sources */ = {isa = PBXBuildFile; fileRef = B3E8FBFE2224AAAB00D05E09 /* CameraViewController.swift */; };
/* End PBXBuildFile section */

/* Begin PBXContainerItemProxy section */
		B3E8FBD622248BBD00D05E09 /* PBXContainerItemProxy */ = {
			isa = PBXContainerItemProxy;
			containerPortal = B3E8FBB922248BBC00D05E09 /* Project object */;
			proxyType = 1;
			remoteGlobalIDString = B3E8FBC022248BBC00D05E09;
			remoteInfo = Parstagram;
		};
		B3E8FBE122248BBD00D05E09 /* PBXContainerItemProxy */ = {
			isa = PBXContainerItemProxy;
			containerPortal = B3E8FBB922248BBC00D05E09 /* Project object */;
			proxyType = 1;
			remoteGlobalIDString = B3E8FBC022248BBC00D05E09;
			remoteInfo = Parstagram;
		};
/* End PBXContainerItemProxy section */

/* Begin PBXFileReference section */
		1131C7FD6D0DD98EE818EBD2 /* Pods_ParstagramTests.framework */ = {isa = PBXFileReference; explicitFileType = wrapper.framework; includeInIndex = 0; path = Pods_ParstagramTests.framework; sourceTree = BUILT_PRODUCTS_DIR; };
		2C004AE24F39220B807184D7 /* Pods-Parstagram.debug.xcconfig */ = {isa = PBXFileReference; includeInIndex = 1; lastKnownFileType = text.xcconfig; name = "Pods-Parstagram.debug.xcconfig"; path = "Pods/Target Support Files/Pods-Parstagram/Pods-Parstagram.debug.xcconfig"; sourceTree = "<group>"; };
		62EEA0D001D8296A6168DA9E /* Pods-ParstagramTests.debug.xcconfig */ = {isa = PBXFileReference; includeInIndex = 1; lastKnownFileType = text.xcconfig; name = "Pods-ParstagramTests.debug.xcconfig"; path = "Pods/Target Support Files/Pods-ParstagramTests/Pods-ParstagramTests.debug.xcconfig"; sourceTree = "<group>"; };
		9517DF07E7497ED556D9595D /* Pods-ParstagramUITests.release.xcconfig */ = {isa = PBXFileReference; includeInIndex = 1; lastKnownFileType = text.xcconfig; name = "Pods-ParstagramUITests.release.xcconfig"; path = "Pods/Target Support Files/Pods-ParstagramUITests/Pods-ParstagramUITests.release.xcconfig"; sourceTree = "<group>"; };
		AABCD4BD38A411061BD7DC4C /* Pods_Parstagram.framework */ = {isa = PBXFileReference; explicitFileType = wrapper.framework; includeInIndex = 0; path = Pods_Parstagram.framework; sourceTree = BUILT_PRODUCTS_DIR; };
		B32ED862222666BB00A7E1D5 /* PostCell.swift */ = {isa = PBXFileReference; lastKnownFileType = sourcecode.swift; path = PostCell.swift; sourceTree = "<group>"; };
		B3E8FBC122248BBC00D05E09 /* Parstagram.app */ = {isa = PBXFileReference; explicitFileType = wrapper.application; includeInIndex = 0; path = Parstagram.app; sourceTree = BUILT_PRODUCTS_DIR; };
		B3E8FBC422248BBC00D05E09 /* AppDelegate.swift */ = {isa = PBXFileReference; lastKnownFileType = sourcecode.swift; path = AppDelegate.swift; sourceTree = "<group>"; };
		B3E8FBC922248BBC00D05E09 /* Base */ = {isa = PBXFileReference; lastKnownFileType = file.storyboard; name = Base; path = Base.lproj/Main.storyboard; sourceTree = "<group>"; };
		B3E8FBCB22248BBD00D05E09 /* Assets.xcassets */ = {isa = PBXFileReference; lastKnownFileType = folder.assetcatalog; path = Assets.xcassets; sourceTree = "<group>"; };
		B3E8FBCE22248BBD00D05E09 /* Base */ = {isa = PBXFileReference; lastKnownFileType = file.storyboard; name = Base; path = Base.lproj/LaunchScreen.storyboard; sourceTree = "<group>"; };
		B3E8FBD022248BBD00D05E09 /* Info.plist */ = {isa = PBXFileReference; lastKnownFileType = text.plist.xml; path = Info.plist; sourceTree = "<group>"; };
		B3E8FBD522248BBD00D05E09 /* ParstagramTests.xctest */ = {isa = PBXFileReference; explicitFileType = wrapper.cfbundle; includeInIndex = 0; path = ParstagramTests.xctest; sourceTree = BUILT_PRODUCTS_DIR; };
		B3E8FBD922248BBD00D05E09 /* ParstagramTests.swift */ = {isa = PBXFileReference; lastKnownFileType = sourcecode.swift; path = ParstagramTests.swift; sourceTree = "<group>"; };
		B3E8FBDB22248BBD00D05E09 /* Info.plist */ = {isa = PBXFileReference; lastKnownFileType = text.plist.xml; path = Info.plist; sourceTree = "<group>"; };
		B3E8FBE022248BBD00D05E09 /* ParstagramUITests.xctest */ = {isa = PBXFileReference; explicitFileType = wrapper.cfbundle; includeInIndex = 0; path = ParstagramUITests.xctest; sourceTree = BUILT_PRODUCTS_DIR; };
		B3E8FBE422248BBD00D05E09 /* ParstagramUITests.swift */ = {isa = PBXFileReference; lastKnownFileType = sourcecode.swift; path = ParstagramUITests.swift; sourceTree = "<group>"; };
		B3E8FBE622248BBD00D05E09 /* Info.plist */ = {isa = PBXFileReference; lastKnownFileType = text.plist.xml; path = Info.plist; sourceTree = "<group>"; };
		B3E8FBF82224984500D05E09 /* ViewController.swift */ = {isa = PBXFileReference; lastKnownFileType = sourcecode.swift; path = ViewController.swift; sourceTree = "<group>"; };
		B3E8FBFA2224985D00D05E09 /* LoginViewController.swift */ = {isa = PBXFileReference; lastKnownFileType = sourcecode.swift; path = LoginViewController.swift; sourceTree = "<group>"; };
		B3E8FBFC222498DD00D05E09 /* FeedViewController.swift */ = {isa = PBXFileReference; lastKnownFileType = sourcecode.swift; path = FeedViewController.swift; sourceTree = "<group>"; };
		B3E8FBFE2224AAAB00D05E09 /* CameraViewController.swift */ = {isa = PBXFileReference; lastKnownFileType = sourcecode.swift; path = CameraViewController.swift; sourceTree = "<group>"; };
		BAAE569B0DB13DC0B1D31B1A /* Pods-ParstagramUITests.debug.xcconfig */ = {isa = PBXFileReference; includeInIndex = 1; lastKnownFileType = text.xcconfig; name = "Pods-ParstagramUITests.debug.xcconfig"; path = "Pods/Target Support Files/Pods-ParstagramUITests/Pods-ParstagramUITests.debug.xcconfig"; sourceTree = "<group>"; };
		D7BDBEE6B1457AABB1EEC1E4 /* Pods-Parstagram.release.xcconfig */ = {isa = PBXFileReference; includeInIndex = 1; lastKnownFileType = text.xcconfig; name = "Pods-Parstagram.release.xcconfig"; path = "Pods/Target Support Files/Pods-Parstagram/Pods-Parstagram.release.xcconfig"; sourceTree = "<group>"; };
		FAE514D2B7301649FB8E3BD4 /* Pods-ParstagramTests.release.xcconfig */ = {isa = PBXFileReference; includeInIndex = 1; lastKnownFileType = text.xcconfig; name = "Pods-ParstagramTests.release.xcconfig"; path = "Pods/Target Support Files/Pods-ParstagramTests/Pods-ParstagramTests.release.xcconfig"; sourceTree = "<group>"; };
		FB1DA323A50C9FCC7829F706 /* Pods_ParstagramUITests.framework */ = {isa = PBXFileReference; explicitFileType = wrapper.framework; includeInIndex = 0; path = Pods_ParstagramUITests.framework; sourceTree = BUILT_PRODUCTS_DIR; };
/* End PBXFileReference section */

/* Begin PBXFrameworksBuildPhase section */
		B3E8FBBE22248BBC00D05E09 /* Frameworks */ = {
			isa = PBXFrameworksBuildPhase;
			buildActionMask = 2147483647;
			files = (
				413E5F12865981EFCB31A2D4 /* Pods_Parstagram.framework in Frameworks */,
			);
			runOnlyForDeploymentPostprocessing = 0;
		};
		B3E8FBD222248BBD00D05E09 /* Frameworks */ = {
			isa = PBXFrameworksBuildPhase;
			buildActionMask = 2147483647;
			files = (
				9F67E095FD69B767B9D57A90 /* Pods_ParstagramTests.framework in Frameworks */,
			);
			runOnlyForDeploymentPostprocessing = 0;
		};
		B3E8FBDD22248BBD00D05E09 /* Frameworks */ = {
			isa = PBXFrameworksBuildPhase;
			buildActionMask = 2147483647;
			files = (
				A80CEA80DD23207D7DAE3C3A /* Pods_ParstagramUITests.framework in Frameworks */,
			);
			runOnlyForDeploymentPostprocessing = 0;
		};
/* End PBXFrameworksBuildPhase section */

/* Begin PBXGroup section */
		B3E8FBB822248BBC00D05E09 = {
			isa = PBXGroup;
			children = (
				B3E8FBC322248BBC00D05E09 /* Parstagram */,
				B3E8FBD822248BBD00D05E09 /* ParstagramTests */,
				B3E8FBE322248BBD00D05E09 /* ParstagramUITests */,
				B3E8FBC222248BBC00D05E09 /* Products */,
				FEA73B61C4DA3C8E2F94F101 /* Pods */,
				B6CC66AC1CF709CD192570BD /* Frameworks */,
			);
			sourceTree = "<group>";
		};
		B3E8FBC222248BBC00D05E09 /* Products */ = {
			isa = PBXGroup;
			children = (
				B3E8FBC122248BBC00D05E09 /* Parstagram.app */,
				B3E8FBD522248BBD00D05E09 /* ParstagramTests.xctest */,
				B3E8FBE022248BBD00D05E09 /* ParstagramUITests.xctest */,
			);
			name = Products;
			sourceTree = "<group>";
		};
		B3E8FBC322248BBC00D05E09 /* Parstagram */ = {
			isa = PBXGroup;
			children = (
				B3E8FBC422248BBC00D05E09 /* AppDelegate.swift */,
				B3E8FBC822248BBC00D05E09 /* Main.storyboard */,
				B32ED862222666BB00A7E1D5 /* PostCell.swift */,
				B3E8FBCB22248BBD00D05E09 /* Assets.xcassets */,
				B3E8FBCD22248BBD00D05E09 /* LaunchScreen.storyboard */,
				B3E8FBD022248BBD00D05E09 /* Info.plist */,
				B3E8FBF82224984500D05E09 /* ViewController.swift */,
				B3E8FBFA2224985D00D05E09 /* LoginViewController.swift */,
				B3E8FBFC222498DD00D05E09 /* FeedViewController.swift */,
				B3E8FBFE2224AAAB00D05E09 /* CameraViewController.swift */,
			);
			path = Parstagram;
			sourceTree = "<group>";
		};
		B3E8FBD822248BBD00D05E09 /* ParstagramTests */ = {
			isa = PBXGroup;
			children = (
				B3E8FBD922248BBD00D05E09 /* ParstagramTests.swift */,
				B3E8FBDB22248BBD00D05E09 /* Info.plist */,
			);
			path = ParstagramTests;
			sourceTree = "<group>";
		};
		B3E8FBE322248BBD00D05E09 /* ParstagramUITests */ = {
			isa = PBXGroup;
			children = (
				B3E8FBE422248BBD00D05E09 /* ParstagramUITests.swift */,
				B3E8FBE622248BBD00D05E09 /* Info.plist */,
			);
			path = ParstagramUITests;
			sourceTree = "<group>";
		};
		B6CC66AC1CF709CD192570BD /* Frameworks */ = {
			isa = PBXGroup;
			children = (
				AABCD4BD38A411061BD7DC4C /* Pods_Parstagram.framework */,
				1131C7FD6D0DD98EE818EBD2 /* Pods_ParstagramTests.framework */,
				FB1DA323A50C9FCC7829F706 /* Pods_ParstagramUITests.framework */,
			);
			name = Frameworks;
			sourceTree = "<group>";
		};
		FEA73B61C4DA3C8E2F94F101 /* Pods */ = {
			isa = PBXGroup;
			children = (
				2C004AE24F39220B807184D7 /* Pods-Parstagram.debug.xcconfig */,
				D7BDBEE6B1457AABB1EEC1E4 /* Pods-Parstagram.release.xcconfig */,
				62EEA0D001D8296A6168DA9E /* Pods-ParstagramTests.debug.xcconfig */,
				FAE514D2B7301649FB8E3BD4 /* Pods-ParstagramTests.release.xcconfig */,
				BAAE569B0DB13DC0B1D31B1A /* Pods-ParstagramUITests.debug.xcconfig */,
				9517DF07E7497ED556D9595D /* Pods-ParstagramUITests.release.xcconfig */,
			);
			name = Pods;
			sourceTree = "<group>";
		};
/* End PBXGroup section */

/* Begin PBXNativeTarget section */
		B3E8FBC022248BBC00D05E09 /* Parstagram */ = {
			isa = PBXNativeTarget;
			buildConfigurationList = B3E8FBE922248BBD00D05E09 /* Build configuration list for PBXNativeTarget "Parstagram" */;
			buildPhases = (
				262EC333A1C9702B6E9F22A4 /* [CP] Check Pods Manifest.lock */,
				B3E8FBBD22248BBC00D05E09 /* Sources */,
				B3E8FBBE22248BBC00D05E09 /* Frameworks */,
				B3E8FBBF22248BBC00D05E09 /* Resources */,
				2A5A9BC97CCA2D6E73765417 /* [CP] Embed Pods Frameworks */,
			);
			buildRules = (
			);
			dependencies = (
			);
			name = Parstagram;
			productName = Parstagram;
			productReference = B3E8FBC122248BBC00D05E09 /* Parstagram.app */;
			productType = "com.apple.product-type.application";
		};
		B3E8FBD422248BBD00D05E09 /* ParstagramTests */ = {
			isa = PBXNativeTarget;
			buildConfigurationList = B3E8FBEC22248BBD00D05E09 /* Build configuration list for PBXNativeTarget "ParstagramTests" */;
			buildPhases = (
				09064FD943CD7CF50AA023D5 /* [CP] Check Pods Manifest.lock */,
				B3E8FBD122248BBD00D05E09 /* Sources */,
				B3E8FBD222248BBD00D05E09 /* Frameworks */,
				B3E8FBD322248BBD00D05E09 /* Resources */,
			);
			buildRules = (
			);
			dependencies = (
				B3E8FBD722248BBD00D05E09 /* PBXTargetDependency */,
			);
			name = ParstagramTests;
			productName = ParstagramTests;
			productReference = B3E8FBD522248BBD00D05E09 /* ParstagramTests.xctest */;
			productType = "com.apple.product-type.bundle.unit-test";
		};
		B3E8FBDF22248BBD00D05E09 /* ParstagramUITests */ = {
			isa = PBXNativeTarget;
			buildConfigurationList = B3E8FBEF22248BBD00D05E09 /* Build configuration list for PBXNativeTarget "ParstagramUITests" */;
			buildPhases = (
				786B08F7F119F936BC06E08E /* [CP] Check Pods Manifest.lock */,
				B3E8FBDC22248BBD00D05E09 /* Sources */,
				B3E8FBDD22248BBD00D05E09 /* Frameworks */,
				B3E8FBDE22248BBD00D05E09 /* Resources */,
			);
			buildRules = (
			);
			dependencies = (
				B3E8FBE222248BBD00D05E09 /* PBXTargetDependency */,
			);
			name = ParstagramUITests;
			productName = ParstagramUITests;
			productReference = B3E8FBE022248BBD00D05E09 /* ParstagramUITests.xctest */;
			productType = "com.apple.product-type.bundle.ui-testing";
		};
/* End PBXNativeTarget section */

/* Begin PBXProject section */
		B3E8FBB922248BBC00D05E09 /* Project object */ = {
			isa = PBXProject;
			attributes = {
				LastSwiftUpdateCheck = 1010;
				LastUpgradeCheck = 1010;
				ORGANIZATIONNAME = sliao;
				TargetAttributes = {
					B3E8FBC022248BBC00D05E09 = {
						CreatedOnToolsVersion = 10.1;
					};
					B3E8FBD422248BBD00D05E09 = {
						CreatedOnToolsVersion = 10.1;
						TestTargetID = B3E8FBC022248BBC00D05E09;
					};
					B3E8FBDF22248BBD00D05E09 = {
						CreatedOnToolsVersion = 10.1;
						TestTargetID = B3E8FBC022248BBC00D05E09;
					};
				};
			};
			buildConfigurationList = B3E8FBBC22248BBC00D05E09 /* Build configuration list for PBXProject "Parstagram" */;
			compatibilityVersion = "Xcode 9.3";
			developmentRegion = en;
			hasScannedForEncodings = 0;
			knownRegions = (
				en,
				Base,
			);
			mainGroup = B3E8FBB822248BBC00D05E09;
			productRefGroup = B3E8FBC222248BBC00D05E09 /* Products */;
			projectDirPath = "";
			projectRoot = "";
			targets = (
				B3E8FBC022248BBC00D05E09 /* Parstagram */,
				B3E8FBD422248BBD00D05E09 /* ParstagramTests */,
				B3E8FBDF22248BBD00D05E09 /* ParstagramUITests */,
			);
		};
/* End PBXProject section */

/* Begin PBXResourcesBuildPhase section */
		B3E8FBBF22248BBC00D05E09 /* Resources */ = {
			isa = PBXResourcesBuildPhase;
			buildActionMask = 2147483647;
			files = (
				B3E8FBCF22248BBD00D05E09 /* LaunchScreen.storyboard in Resources */,
				B3E8FBCC22248BBD00D05E09 /* Assets.xcassets in Resources */,
				B3E8FBCA22248BBC00D05E09 /* Main.storyboard in Resources */,
			);
			runOnlyForDeploymentPostprocessing = 0;
		};
		B3E8FBD322248BBD00D05E09 /* Resources */ = {
			isa = PBXResourcesBuildPhase;
			buildActionMask = 2147483647;
			files = (
			);
			runOnlyForDeploymentPostprocessing = 0;
		};
		B3E8FBDE22248BBD00D05E09 /* Resources */ = {
			isa = PBXResourcesBuildPhase;
			buildActionMask = 2147483647;
			files = (
			);
			runOnlyForDeploymentPostprocessing = 0;
		};
/* End PBXResourcesBuildPhase section */

/* Begin PBXShellScriptBuildPhase section */
		09064FD943CD7CF50AA023D5 /* [CP] Check Pods Manifest.lock */ = {
			isa = PBXShellScriptBuildPhase;
			buildActionMask = 2147483647;
			files = (
			);
			inputFileListPaths = (
			);
			inputPaths = (
				"${PODS_PODFILE_DIR_PATH}/Podfile.lock",
				"${PODS_ROOT}/Manifest.lock",
			);
			name = "[CP] Check Pods Manifest.lock";
			outputFileListPaths = (
			);
			outputPaths = (
				"$(DERIVED_FILE_DIR)/Pods-ParstagramTests-checkManifestLockResult.txt",
			);
			runOnlyForDeploymentPostprocessing = 0;
			shellPath = /bin/sh;
			shellScript = "diff \"${PODS_PODFILE_DIR_PATH}/Podfile.lock\" \"${PODS_ROOT}/Manifest.lock\" > /dev/null\nif [ $? != 0 ] ; then\n    # print error to STDERR\n    echo \"error: The sandbox is not in sync with the Podfile.lock. Run 'pod install' or update your CocoaPods installation.\" >&2\n    exit 1\nfi\n# This output is used by Xcode 'outputs' to avoid re-running this script phase.\necho \"SUCCESS\" > \"${SCRIPT_OUTPUT_FILE_0}\"\n";
			showEnvVarsInLog = 0;
		};
		262EC333A1C9702B6E9F22A4 /* [CP] Check Pods Manifest.lock */ = {
			isa = PBXShellScriptBuildPhase;
			buildActionMask = 2147483647;
			files = (
			);
			inputFileListPaths = (
			);
			inputPaths = (
				"${PODS_PODFILE_DIR_PATH}/Podfile.lock",
				"${PODS_ROOT}/Manifest.lock",
			);
			name = "[CP] Check Pods Manifest.lock";
			outputFileListPaths = (
			);
			outputPaths = (
				"$(DERIVED_FILE_DIR)/Pods-Parstagram-checkManifestLockResult.txt",
			);
			runOnlyForDeploymentPostprocessing = 0;
			shellPath = /bin/sh;
			shellScript = "diff \"${PODS_PODFILE_DIR_PATH}/Podfile.lock\" \"${PODS_ROOT}/Manifest.lock\" > /dev/null\nif [ $? != 0 ] ; then\n    # print error to STDERR\n    echo \"error: The sandbox is not in sync with the Podfile.lock. Run 'pod install' or update your CocoaPods installation.\" >&2\n    exit 1\nfi\n# This output is used by Xcode 'outputs' to avoid re-running this script phase.\necho \"SUCCESS\" > \"${SCRIPT_OUTPUT_FILE_0}\"\n";
			showEnvVarsInLog = 0;
		};
		2A5A9BC97CCA2D6E73765417 /* [CP] Embed Pods Frameworks */ = {
			isa = PBXShellScriptBuildPhase;
			buildActionMask = 2147483647;
			files = (
			);
			inputFileListPaths = (
			);
			inputPaths = (
				"${SRCROOT}/Pods/Target Support Files/Pods-Parstagram/Pods-Parstagram-frameworks.sh",
				"${BUILT_PRODUCTS_DIR}/Alamofire/Alamofire.framework",
				"${BUILT_PRODUCTS_DIR}/AlamofireImage/AlamofireImage.framework",
				"${BUILT_PRODUCTS_DIR}/Bolts/Bolts.framework",
				"${BUILT_PRODUCTS_DIR}/Parse/Parse.framework",
			);
			name = "[CP] Embed Pods Frameworks";
			outputFileListPaths = (
			);
			outputPaths = (
				"${TARGET_BUILD_DIR}/${FRAMEWORKS_FOLDER_PATH}/Alamofire.framework",
				"${TARGET_BUILD_DIR}/${FRAMEWORKS_FOLDER_PATH}/AlamofireImage.framework",
				"${TARGET_BUILD_DIR}/${FRAMEWORKS_FOLDER_PATH}/Bolts.framework",
				"${TARGET_BUILD_DIR}/${FRAMEWORKS_FOLDER_PATH}/Parse.framework",
			);
			runOnlyForDeploymentPostprocessing = 0;
			shellPath = /bin/sh;
			shellScript = "\"${SRCROOT}/Pods/Target Support Files/Pods-Parstagram/Pods-Parstagram-frameworks.sh\"\n";
			showEnvVarsInLog = 0;
		};
		786B08F7F119F936BC06E08E /* [CP] Check Pods Manifest.lock */ = {
			isa = PBXShellScriptBuildPhase;
			buildActionMask = 2147483647;
			files = (
			);
			inputFileListPaths = (
			);
			inputPaths = (
				"${PODS_PODFILE_DIR_PATH}/Podfile.lock",
				"${PODS_ROOT}/Manifest.lock",
			);
			name = "[CP] Check Pods Manifest.lock";
			outputFileListPaths = (
			);
			outputPaths = (
				"$(DERIVED_FILE_DIR)/Pods-ParstagramUITests-checkManifestLockResult.txt",
			);
			runOnlyForDeploymentPostprocessing = 0;
			shellPath = /bin/sh;
			shellScript = "diff \"${PODS_PODFILE_DIR_PATH}/Podfile.lock\" \"${PODS_ROOT}/Manifest.lock\" > /dev/null\nif [ $? != 0 ] ; then\n    # print error to STDERR\n    echo \"error: The sandbox is not in sync with the Podfile.lock. Run 'pod install' or update your CocoaPods installation.\" >&2\n    exit 1\nfi\n# This output is used by Xcode 'outputs' to avoid re-running this script phase.\necho \"SUCCESS\" > \"${SCRIPT_OUTPUT_FILE_0}\"\n";
			showEnvVarsInLog = 0;
		};
/* End PBXShellScriptBuildPhase section */

/* Begin PBXSourcesBuildPhase section */
		B3E8FBBD22248BBC00D05E09 /* Sources */ = {
			isa = PBXSourcesBuildPhase;
			buildActionMask = 2147483647;
			files = (
				B3E8FBFB2224985D00D05E09 /* LoginViewController.swift in Sources */,
				B3E8FBFF2224AAAB00D05E09 /* CameraViewController.swift in Sources */,
				B3E8FBF92224984500D05E09 /* ViewController.swift in Sources */,
				B3E8FBFD222498DD00D05E09 /* FeedViewController.swift in Sources */,
				B3E8FBC522248BBC00D05E09 /* AppDelegate.swift in Sources */,
				B32ED863222666BB00A7E1D5 /* PostCell.swift in Sources */,
			);
			runOnlyForDeploymentPostprocessing = 0;
		};
		B3E8FBD122248BBD00D05E09 /* Sources */ = {
			isa = PBXSourcesBuildPhase;
			buildActionMask = 2147483647;
			files = (
				B3E8FBDA22248BBD00D05E09 /* ParstagramTests.swift in Sources */,
			);
			runOnlyForDeploymentPostprocessing = 0;
		};
		B3E8FBDC22248BBD00D05E09 /* Sources */ = {
			isa = PBXSourcesBuildPhase;
			buildActionMask = 2147483647;
			files = (
				B3E8FBE522248BBD00D05E09 /* ParstagramUITests.swift in Sources */,
			);
			runOnlyForDeploymentPostprocessing = 0;
		};
/* End PBXSourcesBuildPhase section */

/* Begin PBXTargetDependency section */
		B3E8FBD722248BBD00D05E09 /* PBXTargetDependency */ = {
			isa = PBXTargetDependency;
			target = B3E8FBC022248BBC00D05E09 /* Parstagram */;
			targetProxy = B3E8FBD622248BBD00D05E09 /* PBXContainerItemProxy */;
		};
		B3E8FBE222248BBD00D05E09 /* PBXTargetDependency */ = {
			isa = PBXTargetDependency;
			target = B3E8FBC022248BBC00D05E09 /* Parstagram */;
			targetProxy = B3E8FBE122248BBD00D05E09 /* PBXContainerItemProxy */;
		};
/* End PBXTargetDependency section */

/* Begin PBXVariantGroup section */
		B3E8FBC822248BBC00D05E09 /* Main.storyboard */ = {
			isa = PBXVariantGroup;
			children = (
				B3E8FBC922248BBC00D05E09 /* Base */,
			);
			name = Main.storyboard;
			sourceTree = "<group>";
		};
		B3E8FBCD22248BBD00D05E09 /* LaunchScreen.storyboard */ = {
			isa = PBXVariantGroup;
			children = (
				B3E8FBCE22248BBD00D05E09 /* Base */,
			);
			name = LaunchScreen.storyboard;
			sourceTree = "<group>";
		};
/* End PBXVariantGroup section */

/* Begin XCBuildConfiguration section */
		B3E8FBE722248BBD00D05E09 /* Debug */ = {
			isa = XCBuildConfiguration;
			buildSettings = {
				ALWAYS_SEARCH_USER_PATHS = NO;
				CLANG_ANALYZER_NONNULL = YES;
				CLANG_ANALYZER_NUMBER_OBJECT_CONVERSION = YES_AGGRESSIVE;
				CLANG_CXX_LANGUAGE_STANDARD = "gnu++14";
				CLANG_CXX_LIBRARY = "libc++";
				CLANG_ENABLE_MODULES = YES;
				CLANG_ENABLE_OBJC_ARC = YES;
				CLANG_ENABLE_OBJC_WEAK = YES;
				CLANG_WARN_BLOCK_CAPTURE_AUTORELEASING = YES;
				CLANG_WARN_BOOL_CONVERSION = YES;
				CLANG_WARN_COMMA = YES;
				CLANG_WARN_CONSTANT_CONVERSION = YES;
				CLANG_WARN_DEPRECATED_OBJC_IMPLEMENTATIONS = YES;
				CLANG_WARN_DIRECT_OBJC_ISA_USAGE = YES_ERROR;
				CLANG_WARN_DOCUMENTATION_COMMENTS = YES;
				CLANG_WARN_EMPTY_BODY = YES;
				CLANG_WARN_ENUM_CONVERSION = YES;
				CLANG_WARN_INFINITE_RECURSION = YES;
				CLANG_WARN_INT_CONVERSION = YES;
				CLANG_WARN_NON_LITERAL_NULL_CONVERSION = YES;
				CLANG_WARN_OBJC_IMPLICIT_RETAIN_SELF = YES;
				CLANG_WARN_OBJC_LITERAL_CONVERSION = YES;
				CLANG_WARN_OBJC_ROOT_CLASS = YES_ERROR;
				CLANG_WARN_RANGE_LOOP_ANALYSIS = YES;
				CLANG_WARN_STRICT_PROTOTYPES = YES;
				CLANG_WARN_SUSPICIOUS_MOVE = YES;
				CLANG_WARN_UNGUARDED_AVAILABILITY = YES_AGGRESSIVE;
				CLANG_WARN_UNREACHABLE_CODE = YES;
				CLANG_WARN__DUPLICATE_METHOD_MATCH = YES;
				CODE_SIGN_IDENTITY = "iPhone Developer";
				COPY_PHASE_STRIP = NO;
				DEBUG_INFORMATION_FORMAT = dwarf;
				ENABLE_STRICT_OBJC_MSGSEND = YES;
				ENABLE_TESTABILITY = YES;
				GCC_C_LANGUAGE_STANDARD = gnu11;
				GCC_DYNAMIC_NO_PIC = NO;
				GCC_NO_COMMON_BLOCKS = YES;
				GCC_OPTIMIZATION_LEVEL = 0;
				GCC_PREPROCESSOR_DEFINITIONS = (
					"DEBUG=1",
					"$(inherited)",
				);
				GCC_WARN_64_TO_32_BIT_CONVERSION = YES;
				GCC_WARN_ABOUT_RETURN_TYPE = YES_ERROR;
				GCC_WARN_UNDECLARED_SELECTOR = YES;
				GCC_WARN_UNINITIALIZED_AUTOS = YES_AGGRESSIVE;
				GCC_WARN_UNUSED_FUNCTION = YES;
				GCC_WARN_UNUSED_VARIABLE = YES;
				IPHONEOS_DEPLOYMENT_TARGET = 12.1;
				MTL_ENABLE_DEBUG_INFO = INCLUDE_SOURCE;
				MTL_FAST_MATH = YES;
				ONLY_ACTIVE_ARCH = YES;
				SDKROOT = iphoneos;
				SWIFT_ACTIVE_COMPILATION_CONDITIONS = DEBUG;
				SWIFT_OPTIMIZATION_LEVEL = "-Onone";
			};
			name = Debug;
		};
		B3E8FBE822248BBD00D05E09 /* Release */ = {
			isa = XCBuildConfiguration;
			buildSettings = {
				ALWAYS_SEARCH_USER_PATHS = NO;
				CLANG_ANALYZER_NONNULL = YES;
				CLANG_ANALYZER_NUMBER_OBJECT_CONVERSION = YES_AGGRESSIVE;
				CLANG_CXX_LANGUAGE_STANDARD = "gnu++14";
				CLANG_CXX_LIBRARY = "libc++";
				CLANG_ENABLE_MODULES = YES;
				CLANG_ENABLE_OBJC_ARC = YES;
				CLANG_ENABLE_OBJC_WEAK = YES;
				CLANG_WARN_BLOCK_CAPTURE_AUTORELEASING = YES;
				CLANG_WARN_BOOL_CONVERSION = YES;
				CLANG_WARN_COMMA = YES;
				CLANG_WARN_CONSTANT_CONVERSION = YES;
				CLANG_WARN_DEPRECATED_OBJC_IMPLEMENTATIONS = YES;
				CLANG_WARN_DIRECT_OBJC_ISA_USAGE = YES_ERROR;
				CLANG_WARN_DOCUMENTATION_COMMENTS = YES;
				CLANG_WARN_EMPTY_BODY = YES;
				CLANG_WARN_ENUM_CONVERSION = YES;
				CLANG_WARN_INFINITE_RECURSION = YES;
				CLANG_WARN_INT_CONVERSION = YES;
				CLANG_WARN_NON_LITERAL_NULL_CONVERSION = YES;
				CLANG_WARN_OBJC_IMPLICIT_RETAIN_SELF = YES;
				CLANG_WARN_OBJC_LITERAL_CONVERSION = YES;
				CLANG_WARN_OBJC_ROOT_CLASS = YES_ERROR;
				CLANG_WARN_RANGE_LOOP_ANALYSIS = YES;
				CLANG_WARN_STRICT_PROTOTYPES = YES;
				CLANG_WARN_SUSPICIOUS_MOVE = YES;
				CLANG_WARN_UNGUARDED_AVAILABILITY = YES_AGGRESSIVE;
				CLANG_WARN_UNREACHABLE_CODE = YES;
				CLANG_WARN__DUPLICATE_METHOD_MATCH = YES;
				CODE_SIGN_IDENTITY = "iPhone Developer";
				COPY_PHASE_STRIP = NO;
				DEBUG_INFORMATION_FORMAT = "dwarf-with-dsym";
				ENABLE_NS_ASSERTIONS = NO;
				ENABLE_STRICT_OBJC_MSGSEND = YES;
				GCC_C_LANGUAGE_STANDARD = gnu11;
				GCC_NO_COMMON_BLOCKS = YES;
				GCC_WARN_64_TO_32_BIT_CONVERSION = YES;
				GCC_WARN_ABOUT_RETURN_TYPE = YES_ERROR;
				GCC_WARN_UNDECLARED_SELECTOR = YES;
				GCC_WARN_UNINITIALIZED_AUTOS = YES_AGGRESSIVE;
				GCC_WARN_UNUSED_FUNCTION = YES;
				GCC_WARN_UNUSED_VARIABLE = YES;
				IPHONEOS_DEPLOYMENT_TARGET = 12.1;
				MTL_ENABLE_DEBUG_INFO = NO;
				MTL_FAST_MATH = YES;
				SDKROOT = iphoneos;
				SWIFT_COMPILATION_MODE = wholemodule;
				SWIFT_OPTIMIZATION_LEVEL = "-O";
				VALIDATE_PRODUCT = YES;
			};
			name = Release;
		};
		B3E8FBEA22248BBD00D05E09 /* Debug */ = {
			isa = XCBuildConfiguration;
			baseConfigurationReference = 2C004AE24F39220B807184D7 /* Pods-Parstagram.debug.xcconfig */;
			buildSettings = {
				ASSETCATALOG_COMPILER_APPICON_NAME = AppIcon;
				CODE_SIGN_STYLE = Automatic;
				DEVELOPMENT_TEAM = JHFD68N6DC;
				INFOPLIST_FILE = Parstagram/Info.plist;
				LD_RUNPATH_SEARCH_PATHS = (
					"$(inherited)",
					"@executable_path/Frameworks",
				);
				PRODUCT_BUNDLE_IDENTIFIER = com.sliao.Parstagram;
				PRODUCT_NAME = "$(TARGET_NAME)";
				SWIFT_VERSION = 4.2;
				TARGETED_DEVICE_FAMILY = "1,2";
			};
			name = Debug;
		};
		B3E8FBEB22248BBD00D05E09 /* Release */ = {
			isa = XCBuildConfiguration;
			baseConfigurationReference = D7BDBEE6B1457AABB1EEC1E4 /* Pods-Parstagram.release.xcconfig */;
			buildSettings = {
				ASSETCATALOG_COMPILER_APPICON_NAME = AppIcon;
				CODE_SIGN_STYLE = Automatic;
				DEVELOPMENT_TEAM = JHFD68N6DC;
				INFOPLIST_FILE = Parstagram/Info.plist;
				LD_RUNPATH_SEARCH_PATHS = (
					"$(inherited)",
					"@executable_path/Frameworks",
				);
				PRODUCT_BUNDLE_IDENTIFIER = com.sliao.Parstagram;
				PRODUCT_NAME = "$(TARGET_NAME)";
				SWIFT_VERSION = 4.2;
				TARGETED_DEVICE_FAMILY = "1,2";
			};
			name = Release;
		};
		B3E8FBED22248BBD00D05E09 /* Debug */ = {
			isa = XCBuildConfiguration;
			baseConfigurationReference = 62EEA0D001D8296A6168DA9E /* Pods-ParstagramTests.debug.xcconfig */;
			buildSettings = {
				ALWAYS_EMBED_SWIFT_STANDARD_LIBRARIES = YES;
				BUNDLE_LOADER = "$(TEST_HOST)";
				CODE_SIGN_STYLE = Automatic;
				DEVELOPMENT_TEAM = JHFD68N6DC;
				INFOPLIST_FILE = ParstagramTests/Info.plist;
				LD_RUNPATH_SEARCH_PATHS = (
					"$(inherited)",
					"@executable_path/Frameworks",
					"@loader_path/Frameworks",
				);
				PRODUCT_BUNDLE_IDENTIFIER = com.sliao.ParstagramTests;
				PRODUCT_NAME = "$(TARGET_NAME)";
				SWIFT_VERSION = 4.2;
				TARGETED_DEVICE_FAMILY = "1,2";
				TEST_HOST = "$(BUILT_PRODUCTS_DIR)/Parstagram.app/Parstagram";
			};
			name = Debug;
		};
		B3E8FBEE22248BBD00D05E09 /* Release */ = {
			isa = XCBuildConfiguration;
			baseConfigurationReference = FAE514D2B7301649FB8E3BD4 /* Pods-ParstagramTests.release.xcconfig */;
			buildSettings = {
				ALWAYS_EMBED_SWIFT_STANDARD_LIBRARIES = YES;
				BUNDLE_LOADER = "$(TEST_HOST)";
				CODE_SIGN_STYLE = Automatic;
				DEVELOPMENT_TEAM = JHFD68N6DC;
				INFOPLIST_FILE = ParstagramTests/Info.plist;
				LD_RUNPATH_SEARCH_PATHS = (
					"$(inherited)",
					"@executable_path/Frameworks",
					"@loader_path/Frameworks",
				);
				PRODUCT_BUNDLE_IDENTIFIER = com.sliao.ParstagramTests;
				PRODUCT_NAME = "$(TARGET_NAME)";
				SWIFT_VERSION = 4.2;
				TARGETED_DEVICE_FAMILY = "1,2";
				TEST_HOST = "$(BUILT_PRODUCTS_DIR)/Parstagram.app/Parstagram";
			};
			name = Release;
		};
		B3E8FBF022248BBD00D05E09 /* Debug */ = {
			isa = XCBuildConfiguration;
			baseConfigurationReference = BAAE569B0DB13DC0B1D31B1A /* Pods-ParstagramUITests.debug.xcconfig */;
			buildSettings = {
				ALWAYS_EMBED_SWIFT_STANDARD_LIBRARIES = YES;
				CODE_SIGN_STYLE = Automatic;
				DEVELOPMENT_TEAM = JHFD68N6DC;
				INFOPLIST_FILE = ParstagramUITests/Info.plist;
				LD_RUNPATH_SEARCH_PATHS = (
					"$(inherited)",
					"@executable_path/Frameworks",
					"@loader_path/Frameworks",
				);
				PRODUCT_BUNDLE_IDENTIFIER = com.sliao.ParstagramUITests;
				PRODUCT_NAME = "$(TARGET_NAME)";
				SWIFT_VERSION = 4.2;
				TARGETED_DEVICE_FAMILY = "1,2";
				TEST_TARGET_NAME = Parstagram;
			};
			name = Debug;
		};
		B3E8FBF122248BBD00D05E09 /* Release */ = {
			isa = XCBuildConfiguration;
			baseConfigurationReference = 9517DF07E7497ED556D9595D /* Pods-ParstagramUITests.release.xcconfig */;
			buildSettings = {
				ALWAYS_EMBED_SWIFT_STANDARD_LIBRARIES = YES;
				CODE_SIGN_STYLE = Automatic;
				DEVELOPMENT_TEAM = JHFD68N6DC;
				INFOPLIST_FILE = ParstagramUITests/Info.plist;
				LD_RUNPATH_SEARCH_PATHS = (
					"$(inherited)",
					"@executable_path/Frameworks",
					"@loader_path/Frameworks",
				);
				PRODUCT_BUNDLE_IDENTIFIER = com.sliao.ParstagramUITests;
				PRODUCT_NAME = "$(TARGET_NAME)";
				SWIFT_VERSION = 4.2;
				TARGETED_DEVICE_FAMILY = "1,2";
				TEST_TARGET_NAME = Parstagram;
			};
			name = Release;
		};
/* End XCBuildConfiguration section */

/* Begin XCConfigurationList section */
		B3E8FBBC22248BBC00D05E09 /* Build configuration list for PBXProject "Parstagram" */ = {
			isa = XCConfigurationList;
			buildConfigurations = (
				B3E8FBE722248BBD00D05E09 /* Debug */,
				B3E8FBE822248BBD00D05E09 /* Release */,
			);
			defaultConfigurationIsVisible = 0;
			defaultConfigurationName = Release;
		};
		B3E8FBE922248BBD00D05E09 /* Build configuration list for PBXNativeTarget "Parstagram" */ = {
			isa = XCConfigurationList;
			buildConfigurations = (
				B3E8FBEA22248BBD00D05E09 /* Debug */,
				B3E8FBEB22248BBD00D05E09 /* Release */,
			);
			defaultConfigurationIsVisible = 0;
			defaultConfigurationName = Release;
		};
		B3E8FBEC22248BBD00D05E09 /* Build configuration list for PBXNativeTarget "ParstagramTests" */ = {
			isa = XCConfigurationList;
			buildConfigurations = (
				B3E8FBED22248BBD00D05E09 /* Debug */,
				B3E8FBEE22248BBD00D05E09 /* Release */,
			);
			defaultConfigurationIsVisible = 0;
			defaultConfigurationName = Release;
		};
		B3E8FBEF22248BBD00D05E09 /* Build configuration list for PBXNativeTarget "ParstagramUITests" */ = {
			isa = XCConfigurationList;
			buildConfigurations = (
				B3E8FBF022248BBD00D05E09 /* Debug */,
				B3E8FBF122248BBD00D05E09 /* Release */,
			);
			defaultConfigurationIsVisible = 0;
			defaultConfigurationName = Release;
		};
/* End XCConfigurationList section */
	};
	rootObject = B3E8FBB922248BBC00D05E09 /* Project object */;
}
